
Microsoft Visual Studio Solution File, Format Version 12.00
# Visual Studio Version 16
VisualStudioVersion = 16.0.31129.286
MinimumVisualStudioVersion = 10.0.40219.1
Project("{9A19103F-16F7-4668-BE54-9A1E7A4F7556}") = "WebApi", "WebApi\WebApi.csproj", "{7C3067B2-C319-48D5-AA2D-AC72C423CCEC}"
EndProject
Project("{FAE04EC0-301F-11D3-BF4B-00C04F79EFBC}") = "WebApi.DAL", "WebApi.DAL\WebApi.DAL.csproj", "{6164FC6A-4BAD-4E69-92AD-0871D56A7A36}"
EndProject
Project("{FAE04EC0-301F-11D3-BF4B-00C04F79EFBC}") = "WebApi.BLL", "WebApi.BLL\WebApi.BLL.csproj", "{2627ED7B-C0BA-48E9-BD22-8AB047D0F55F}"
EndProject
Global
	GlobalSection(SolutionConfigurationPlatforms) = preSolution
		Debug|Any CPU = Debug|Any CPU
		Release|Any CPU = Release|Any CPU
	EndGlobalSection
	GlobalSection(ProjectConfigurationPlatforms) = postSolution
		{7C3067B2-C319-48D5-AA2D-AC72C423CCEC}.Debug|Any CPU.ActiveCfg = Debug|Any CPU
		{7C3067B2-C319-48D5-AA2D-AC72C423CCEC}.Debug|Any CPU.Build.0 = Debug|Any CPU
		{7C3067B2-C319-48D5-AA2D-AC72C423CCEC}.Release|Any CPU.ActiveCfg = Release|Any CPU
		{7C3067B2-C319-48D5-AA2D-AC72C423CCEC}.Release|Any CPU.Build.0 = Release|Any CPU
		{6164FC6A-4BAD-4E69-92AD-0871D56A7A36}.Debug|Any CPU.ActiveCfg = Debug|Any CPU
		{6164FC6A-4BAD-4E69-92AD-0871D56A7A36}.Debug|Any CPU.Build.0 = Debug|Any CPU
		{6164FC6A-4BAD-4E69-92AD-0871D56A7A36}.Release|Any CPU.ActiveCfg = Release|Any CPU
		{6164FC6A-4BAD-4E69-92AD-0871D56A7A36}.Release|Any CPU.Build.0 = Release|Any CPU
		{2627ED7B-C0BA-48E9-BD22-8AB047D0F55F}.Debug|Any CPU.ActiveCfg = Debug|Any CPU
		{2627ED7B-C0BA-48E9-BD22-8AB047D0F55F}.Debug|Any CPU.Build.0 = Debug|Any CPU
		{2627ED7B-C0BA-48E9-BD22-8AB047D0F55F}.Release|Any CPU.ActiveCfg = Release|Any CPU
		{2627ED7B-C0BA-48E9-BD22-8AB047D0F55F}.Release|Any CPU.Build.0 = Release|Any CPU
	EndGlobalSection
	GlobalSection(SolutionProperties) = preSolution
		HideSolutionNode = FALSE
	EndGlobalSection
	GlobalSection(ExtensibilityGlobals) = postSolution
		SolutionGuid = {8DCCFCAE-014D-4570-B5B3-C3B2E44832A6}
	EndGlobalSection
EndGlobal
